// !$*UTF8*$!
{
	archiveVersion = 1;
	classes = {
	};
	objectVersion = 56;
	objects = {

/* Begin PBXBuildFile section */
		721EF532291AE62D00950DE4 /* ListingViewModel.swift in Sources */ = {isa = PBXBuildFile; fileRef = 721EF531291AE62D00950DE4 /* ListingViewModel.swift */; };
		721EF534291AF18900950DE4 /* TransactionPendingView.swift in Sources */ = {isa = PBXBuildFile; fileRef = 721EF533291AF18900950DE4 /* TransactionPendingView.swift */; };
		72391E8D2906136700C980E1 /* BlockMeApp.swift in Sources */ = {isa = PBXBuildFile; fileRef = 72391E8C2906136700C980E1 /* BlockMeApp.swift */; };
		72391E8F2906136700C980E1 /* AppView.swift in Sources */ = {isa = PBXBuildFile; fileRef = 72391E8E2906136700C980E1 /* AppView.swift */; };
		72391E912906136900C980E1 /* Assets.xcassets in Resources */ = {isa = PBXBuildFile; fileRef = 72391E902906136900C980E1 /* Assets.xcassets */; };
		72391E942906136900C980E1 /* Preview Assets.xcassets in Resources */ = {isa = PBXBuildFile; fileRef = 72391E932906136900C980E1 /* Preview Assets.xcassets */; };
		72391E9E290615CC00C980E1 /* GoogleService-Info.plist in Resources */ = {isa = PBXBuildFile; fileRef = 72391E9D290615CC00C980E1 /* GoogleService-Info.plist */; };
		72391EA1290615F900C980E1 /* Alamofire in Frameworks */ = {isa = PBXBuildFile; productRef = 72391EA0290615F900C980E1 /* Alamofire */; };
		72391EA42906168100C980E1 /* FirebaseAnalytics in Frameworks */ = {isa = PBXBuildFile; productRef = 72391EA32906168100C980E1 /* FirebaseAnalytics */; };
		72391EA62906168100C980E1 /* FirebaseAuth in Frameworks */ = {isa = PBXBuildFile; productRef = 72391EA52906168100C980E1 /* FirebaseAuth */; };
		72391EA82906168100C980E1 /* FirebaseDatabase in Frameworks */ = {isa = PBXBuildFile; productRef = 72391EA72906168100C980E1 /* FirebaseDatabase */; };
		72391EAA2906168100C980E1 /* FirebaseDatabaseSwift in Frameworks */ = {isa = PBXBuildFile; productRef = 72391EA92906168100C980E1 /* FirebaseDatabaseSwift */; };
		72391EAC2906168100C980E1 /* FirebaseFirestore in Frameworks */ = {isa = PBXBuildFile; productRef = 72391EAB2906168100C980E1 /* FirebaseFirestore */; };
		72391EAE2906168100C980E1 /* FirebaseFirestoreSwift in Frameworks */ = {isa = PBXBuildFile; productRef = 72391EAD2906168100C980E1 /* FirebaseFirestoreSwift */; };
		72391EB129071F3600C980E1 /* User.swift in Sources */ = {isa = PBXBuildFile; fileRef = 72391EB029071F3600C980E1 /* User.swift */; };
		72391EB32907213300C980E1 /* Review.swift in Sources */ = {isa = PBXBuildFile; fileRef = 72391EB22907213300C980E1 /* Review.swift */; };
		72391EB52907220F00C980E1 /* DiningLocation.swift in Sources */ = {isa = PBXBuildFile; fileRef = 72391EB42907220F00C980E1 /* DiningLocation.swift */; };
		72391EB72907229F00C980E1 /* Listing.swift in Sources */ = {isa = PBXBuildFile; fileRef = 72391EB62907229F00C980E1 /* Listing.swift */; };
		72391EB9290730F100C980E1 /* UserRepository.swift in Sources */ = {isa = PBXBuildFile; fileRef = 72391EB8290730F100C980E1 /* UserRepository.swift */; };
		72391EBD290736E900C980E1 /* UserDetailView.swift in Sources */ = {isa = PBXBuildFile; fileRef = 72391EBC290736E900C980E1 /* UserDetailView.swift */; };
		72391EC0290743BF00C980E1 /* FirebaseAppCheck in Frameworks */ = {isa = PBXBuildFile; productRef = 72391EBF290743BF00C980E1 /* FirebaseAppCheck */; };
		72391EC2290743BF00C980E1 /* FirebaseStorage in Frameworks */ = {isa = PBXBuildFile; productRef = 72391EC1290743BF00C980E1 /* FirebaseStorage */; };
		72391EC42907504F00C980E1 /* ListingRepository.swift in Sources */ = {isa = PBXBuildFile; fileRef = 72391EC32907504F00C980E1 /* ListingRepository.swift */; };
		72391EC62907565200C980E1 /* UsersView.swift in Sources */ = {isa = PBXBuildFile; fileRef = 72391EC52907565200C980E1 /* UsersView.swift */; };
		72391ECA290760AF00C980E1 /* MarketPlaceView.swift in Sources */ = {isa = PBXBuildFile; fileRef = 72391EC9290760AF00C980E1 /* MarketPlaceView.swift */; };
		72391ECC2907614A00C980E1 /* ListingDetailsView.swift in Sources */ = {isa = PBXBuildFile; fileRef = 72391ECB2907614A00C980E1 /* ListingDetailsView.swift */; };
		72391ECE290765F300C980E1 /* UserViewModel.swift in Sources */ = {isa = PBXBuildFile; fileRef = 72391ECD290765F300C980E1 /* UserViewModel.swift */; };
		72391EFB2909A8CB00C980E1 /* LoginView.swift in Sources */ = {isa = PBXBuildFile; fileRef = 72391EFA2909A8CB00C980E1 /* LoginView.swift */; };
		72391EFD2909B06700C980E1 /* AppViewModel.swift in Sources */ = {isa = PBXBuildFile; fileRef = 72391EFC2909B06700C980E1 /* AppViewModel.swift */; };
		72391EFF2909C3C300C980E1 /* ProfileView.swift in Sources */ = {isa = PBXBuildFile; fileRef = 72391EFE2909C3C300C980E1 /* ProfileView.swift */; };
		72391F012909C7CF00C980E1 /* CreateAccountView.swift in Sources */ = {isa = PBXBuildFile; fileRef = 72391F002909C7CF00C980E1 /* CreateAccountView.swift */; };
		72391F05290C48CE00C980E1 /* UIComponents.swift in Sources */ = {isa = PBXBuildFile; fileRef = 72391F04290C48CE00C980E1 /* UIComponents.swift */; };
		72391F07290C659300C980E1 /* PhotoPicker.swift in Sources */ = {isa = PBXBuildFile; fileRef = 72391F06290C659300C980E1 /* PhotoPicker.swift */; };
		724B0000291B28CA00448B0D /* TransactionWaitingView.swift in Sources */ = {isa = PBXBuildFile; fileRef = 724BFFFF291B28CA00448B0D /* TransactionWaitingView.swift */; };
		724B0002291B36FE00448B0D /* TransactionHasArrivedView.swift in Sources */ = {isa = PBXBuildFile; fileRef = 724B0001291B36FE00448B0D /* TransactionHasArrivedView.swift */; };
		724BFFFE291B05C400448B0D /* TransactionMeetUpView.swift in Sources */ = {isa = PBXBuildFile; fileRef = 724BFFFD291B05C400448B0D /* TransactionMeetUpView.swift */; };
		7273FD972913411600B57B55 /* OrdersView.swift in Sources */ = {isa = PBXBuildFile; fileRef = 7273FD962913411600B57B55 /* OrdersView.swift */; };
		7273FD9929136BB400B57B55 /* EditProfileView.swift in Sources */ = {isa = PBXBuildFile; fileRef = 7273FD9829136BB400B57B55 /* EditProfileView.swift */; };
		7273FD9B291376B200B57B55 /* FormValidator.swift in Sources */ = {isa = PBXBuildFile; fileRef = 7273FD9A291376B200B57B55 /* FormValidator.swift */; };
		7273FD9D291457B000B57B55 /* StorageViewModel.swift in Sources */ = {isa = PBXBuildFile; fileRef = 7273FD9C291457B000B57B55 /* StorageViewModel.swift */; };
		9F3843A329180FFF00A5ACB5 /* NewListingView.swift in Sources */ = {isa = PBXBuildFile; fileRef = 9F3843A229180FFF00A5ACB5 /* NewListingView.swift */; };
		9F3843A52918AA6A00A5ACB5 /* PurchaseListingView.swift in Sources */ = {isa = PBXBuildFile; fileRef = 9F3843A42918AA6A00A5ACB5 /* PurchaseListingView.swift */; };
		9F3843A92918DA2800A5ACB5 /* TransactionView.swift in Sources */ = {isa = PBXBuildFile; fileRef = 9F3843A82918DA2800A5ACB5 /* TransactionView.swift */; };
		9F83D928290B225D004424A4 /* ChooseProfileImageView.swift in Sources */ = {isa = PBXBuildFile; fileRef = 9F83D927290B225D004424A4 /* ChooseProfileImageView.swift */; };
		9FFC5CB92915964900BF992A /* ListingUser.swift in Sources */ = {isa = PBXBuildFile; fileRef = 9FFC5CB82915964900BF992A /* ListingUser.swift */; };
		CB5509452915EE510073243D /* Font.swift in Sources */ = {isa = PBXBuildFile; fileRef = CB5509442915EE510073243D /* Font.swift */; };
		CB550947291609550073243D /* SplashView.swift in Sources */ = {isa = PBXBuildFile; fileRef = CB550946291609550073243D /* SplashView.swift */; };
		CBCC7135291ADB5600C30C35 /* iPhoneNumberField in Frameworks */ = {isa = PBXBuildFile; productRef = CBCC7134291ADB5600C30C35 /* iPhoneNumberField */; };
		CBCC7137291ADBE400C30C35 /* VenmoFormatter.swift in Sources */ = {isa = PBXBuildFile; fileRef = CBCC7136291ADBE400C30C35 /* VenmoFormatter.swift */; };
		CBCC7139291ADCAC00C30C35 /* WelcomeView.swift in Sources */ = {isa = PBXBuildFile; fileRef = CBCC7138291ADCAC00C30C35 /* WelcomeView.swift */; };
/* End PBXBuildFile section */

/* Begin PBXFileReference section */
		721EF531291AE62D00950DE4 /* ListingViewModel.swift */ = {isa = PBXFileReference; lastKnownFileType = sourcecode.swift; path = ListingViewModel.swift; sourceTree = "<group>"; };
		721EF533291AF18900950DE4 /* TransactionPendingView.swift */ = {isa = PBXFileReference; lastKnownFileType = sourcecode.swift; path = TransactionPendingView.swift; sourceTree = "<group>"; };
		72391E892906136700C980E1 /* BlockMe.app */ = {isa = PBXFileReference; explicitFileType = wrapper.application; includeInIndex = 0; path = BlockMe.app; sourceTree = BUILT_PRODUCTS_DIR; };
		72391E8C2906136700C980E1 /* BlockMeApp.swift */ = {isa = PBXFileReference; lastKnownFileType = sourcecode.swift; path = BlockMeApp.swift; sourceTree = "<group>"; };
		72391E8E2906136700C980E1 /* AppView.swift */ = {isa = PBXFileReference; lastKnownFileType = sourcecode.swift; path = AppView.swift; sourceTree = "<group>"; };
		72391E902906136900C980E1 /* Assets.xcassets */ = {isa = PBXFileReference; lastKnownFileType = folder.assetcatalog; path = Assets.xcassets; sourceTree = "<group>"; };
		72391E932906136900C980E1 /* Preview Assets.xcassets */ = {isa = PBXFileReference; lastKnownFileType = folder.assetcatalog; path = "Preview Assets.xcassets"; sourceTree = "<group>"; };
		72391E9D290615CC00C980E1 /* GoogleService-Info.plist */ = {isa = PBXFileReference; fileEncoding = 4; lastKnownFileType = text.plist.xml; path = "GoogleService-Info.plist"; sourceTree = "<group>"; };
		72391EB029071F3600C980E1 /* User.swift */ = {isa = PBXFileReference; lastKnownFileType = sourcecode.swift; path = User.swift; sourceTree = "<group>"; };
		72391EB22907213300C980E1 /* Review.swift */ = {isa = PBXFileReference; lastKnownFileType = sourcecode.swift; path = Review.swift; sourceTree = "<group>"; };
		72391EB42907220F00C980E1 /* DiningLocation.swift */ = {isa = PBXFileReference; lastKnownFileType = sourcecode.swift; path = DiningLocation.swift; sourceTree = "<group>"; };
		72391EB62907229F00C980E1 /* Listing.swift */ = {isa = PBXFileReference; lastKnownFileType = sourcecode.swift; path = Listing.swift; sourceTree = "<group>"; };
		72391EB8290730F100C980E1 /* UserRepository.swift */ = {isa = PBXFileReference; lastKnownFileType = sourcecode.swift; path = UserRepository.swift; sourceTree = "<group>"; };
		72391EBC290736E900C980E1 /* UserDetailView.swift */ = {isa = PBXFileReference; lastKnownFileType = sourcecode.swift; path = UserDetailView.swift; sourceTree = "<group>"; };
		72391EC32907504F00C980E1 /* ListingRepository.swift */ = {isa = PBXFileReference; lastKnownFileType = sourcecode.swift; path = ListingRepository.swift; sourceTree = "<group>"; };
		72391EC52907565200C980E1 /* UsersView.swift */ = {isa = PBXFileReference; lastKnownFileType = sourcecode.swift; path = UsersView.swift; sourceTree = "<group>"; };
		72391EC9290760AF00C980E1 /* MarketPlaceView.swift */ = {isa = PBXFileReference; lastKnownFileType = sourcecode.swift; path = MarketPlaceView.swift; sourceTree = "<group>"; };
		72391ECB2907614A00C980E1 /* ListingDetailsView.swift */ = {isa = PBXFileReference; lastKnownFileType = sourcecode.swift; path = ListingDetailsView.swift; sourceTree = "<group>"; };
		72391ECD290765F300C980E1 /* UserViewModel.swift */ = {isa = PBXFileReference; lastKnownFileType = sourcecode.swift; path = UserViewModel.swift; sourceTree = "<group>"; };
		72391EFA2909A8CB00C980E1 /* LoginView.swift */ = {isa = PBXFileReference; lastKnownFileType = sourcecode.swift; path = LoginView.swift; sourceTree = "<group>"; };
		72391EFC2909B06700C980E1 /* AppViewModel.swift */ = {isa = PBXFileReference; lastKnownFileType = sourcecode.swift; path = AppViewModel.swift; sourceTree = "<group>"; };
		72391EFE2909C3C300C980E1 /* ProfileView.swift */ = {isa = PBXFileReference; lastKnownFileType = sourcecode.swift; path = ProfileView.swift; sourceTree = "<group>"; };
		72391F002909C7CF00C980E1 /* CreateAccountView.swift */ = {isa = PBXFileReference; lastKnownFileType = sourcecode.swift; path = CreateAccountView.swift; sourceTree = "<group>"; };
		72391F04290C48CE00C980E1 /* UIComponents.swift */ = {isa = PBXFileReference; lastKnownFileType = sourcecode.swift; path = UIComponents.swift; sourceTree = "<group>"; };
		72391F06290C659300C980E1 /* PhotoPicker.swift */ = {isa = PBXFileReference; lastKnownFileType = sourcecode.swift; path = PhotoPicker.swift; sourceTree = "<group>"; };
		724B0001291B36FE00448B0D /* TransactionHasArrivedView.swift */ = {isa = PBXFileReference; lastKnownFileType = sourcecode.swift; path = TransactionHasArrivedView.swift; sourceTree = "<group>"; };
		724BFFFD291B05C400448B0D /* TransactionMeetUpView.swift */ = {isa = PBXFileReference; lastKnownFileType = sourcecode.swift; path = TransactionMeetUpView.swift; sourceTree = "<group>"; };
		724BFFFF291B28CA00448B0D /* TransactionWaitingView.swift */ = {isa = PBXFileReference; lastKnownFileType = sourcecode.swift; path = TransactionWaitingView.swift; sourceTree = "<group>"; };
		7273FD962913411600B57B55 /* OrdersView.swift */ = {isa = PBXFileReference; lastKnownFileType = sourcecode.swift; path = OrdersView.swift; sourceTree = "<group>"; };
		7273FD9829136BB400B57B55 /* EditProfileView.swift */ = {isa = PBXFileReference; lastKnownFileType = sourcecode.swift; path = EditProfileView.swift; sourceTree = "<group>"; };
		7273FD9A291376B200B57B55 /* FormValidator.swift */ = {isa = PBXFileReference; lastKnownFileType = sourcecode.swift; path = FormValidator.swift; sourceTree = "<group>"; };
		7273FD9C291457B000B57B55 /* StorageViewModel.swift */ = {isa = PBXFileReference; lastKnownFileType = sourcecode.swift; path = StorageViewModel.swift; sourceTree = "<group>"; };
		9F3843A229180FFF00A5ACB5 /* NewListingView.swift */ = {isa = PBXFileReference; lastKnownFileType = sourcecode.swift; path = NewListingView.swift; sourceTree = "<group>"; };
		9F3843A42918AA6A00A5ACB5 /* PurchaseListingView.swift */ = {isa = PBXFileReference; lastKnownFileType = sourcecode.swift; path = PurchaseListingView.swift; sourceTree = "<group>"; };
		9F3843A82918DA2800A5ACB5 /* TransactionView.swift */ = {isa = PBXFileReference; lastKnownFileType = sourcecode.swift; path = TransactionView.swift; sourceTree = "<group>"; };
		9F83D927290B225D004424A4 /* ChooseProfileImageView.swift */ = {isa = PBXFileReference; lastKnownFileType = sourcecode.swift; path = ChooseProfileImageView.swift; sourceTree = "<group>"; };
		9FFC5CB82915964900BF992A /* ListingUser.swift */ = {isa = PBXFileReference; lastKnownFileType = sourcecode.swift; path = ListingUser.swift; sourceTree = "<group>"; };
		CB5509442915EE510073243D /* Font.swift */ = {isa = PBXFileReference; lastKnownFileType = sourcecode.swift; path = Font.swift; sourceTree = "<group>"; };
		CB550946291609550073243D /* SplashView.swift */ = {isa = PBXFileReference; lastKnownFileType = sourcecode.swift; path = SplashView.swift; sourceTree = "<group>"; };
		CBCC7136291ADBE400C30C35 /* VenmoFormatter.swift */ = {isa = PBXFileReference; lastKnownFileType = sourcecode.swift; path = VenmoFormatter.swift; sourceTree = "<group>"; };
		CBCC7138291ADCAC00C30C35 /* WelcomeView.swift */ = {isa = PBXFileReference; lastKnownFileType = sourcecode.swift; path = WelcomeView.swift; sourceTree = "<group>"; };
/* End PBXFileReference section */

/* Begin PBXFrameworksBuildPhase section */
		72391E862906136700C980E1 /* Frameworks */ = {
			isa = PBXFrameworksBuildPhase;
			buildActionMask = 2147483647;
			files = (
				72391EC0290743BF00C980E1 /* FirebaseAppCheck in Frameworks */,
				72391EAA2906168100C980E1 /* FirebaseDatabaseSwift in Frameworks */,
				72391EC2290743BF00C980E1 /* FirebaseStorage in Frameworks */,
				CBCC7135291ADB5600C30C35 /* iPhoneNumberField in Frameworks */,
				72391EA42906168100C980E1 /* FirebaseAnalytics in Frameworks */,
				72391EA62906168100C980E1 /* FirebaseAuth in Frameworks */,
				72391EAE2906168100C980E1 /* FirebaseFirestoreSwift in Frameworks */,
				72391EA82906168100C980E1 /* FirebaseDatabase in Frameworks */,
				72391EA1290615F900C980E1 /* Alamofire in Frameworks */,
				72391EAC2906168100C980E1 /* FirebaseFirestore in Frameworks */,
			);
			runOnlyForDeploymentPostprocessing = 0;
		};
/* End PBXFrameworksBuildPhase section */

/* Begin PBXGroup section */
		721EF535291B045000950DE4 /* Transaction */ = {
			isa = PBXGroup;
			children = (
				9F3843A82918DA2800A5ACB5 /* TransactionView.swift */,
				721EF533291AF18900950DE4 /* TransactionPendingView.swift */,
				724BFFFD291B05C400448B0D /* TransactionMeetUpView.swift */,
				724BFFFF291B28CA00448B0D /* TransactionWaitingView.swift */,
				724B0001291B36FE00448B0D /* TransactionHasArrivedView.swift */,
			);
			path = Transaction;
			sourceTree = "<group>";
		};
		72391E802906136700C980E1 = {
			isa = PBXGroup;
			children = (
				72391E8B2906136700C980E1 /* BlockMe */,
				72391E8A2906136700C980E1 /* Products */,
				72391EBE290743BF00C980E1 /* Frameworks */,
			);
			sourceTree = "<group>";
		};
		72391E8A2906136700C980E1 /* Products */ = {
			isa = PBXGroup;
			children = (
				72391E892906136700C980E1 /* BlockMe.app */,
			);
			name = Products;
			sourceTree = "<group>";
		};
		72391E8B2906136700C980E1 /* BlockMe */ = {
			isa = PBXGroup;
			children = (
				72391E8C2906136700C980E1 /* BlockMeApp.swift */,
				72391EAF29071F0C00C980E1 /* DataRepositories */,
				72391E9C2906138300C980E1 /* ViewModels */,
				72391E9B2906137E00C980E1 /* Models */,
				72391E9A2906137800C980E1 /* Views */,
				72391E902906136900C980E1 /* Assets.xcassets */,
				72391E922906136900C980E1 /* Preview Content */,
				72391E9D290615CC00C980E1 /* GoogleService-Info.plist */,
			);
			path = BlockMe;
			sourceTree = "<group>";
		};
		72391E922906136900C980E1 /* Preview Content */ = {
			isa = PBXGroup;
			children = (
				72391E932906136900C980E1 /* Preview Assets.xcassets */,
			);
			path = "Preview Content";
			sourceTree = "<group>";
		};
		72391E9A2906137800C980E1 /* Views */ = {
			isa = PBXGroup;
			children = (
				721EF535291B045000950DE4 /* Transaction */,
				72391E8E2906136700C980E1 /* AppView.swift */,
				72391EBC290736E900C980E1 /* UserDetailView.swift */,
				72391EC52907565200C980E1 /* UsersView.swift */,
				72391EC9290760AF00C980E1 /* MarketPlaceView.swift */,
				72391ECB2907614A00C980E1 /* ListingDetailsView.swift */,
				72391EFA2909A8CB00C980E1 /* LoginView.swift */,
				72391EFE2909C3C300C980E1 /* ProfileView.swift */,
				72391F002909C7CF00C980E1 /* CreateAccountView.swift */,
				9F83D927290B225D004424A4 /* ChooseProfileImageView.swift */,
				7273FD962913411600B57B55 /* OrdersView.swift */,
				7273FD9829136BB400B57B55 /* EditProfileView.swift */,
				CB550946291609550073243D /* SplashView.swift */,
				72391F04290C48CE00C980E1 /* UIComponents.swift */,
				CB5509442915EE510073243D /* Font.swift */,
				9F3843A229180FFF00A5ACB5 /* NewListingView.swift */,
				9F3843A42918AA6A00A5ACB5 /* PurchaseListingView.swift */,
				CBCC7138291ADCAC00C30C35 /* WelcomeView.swift */,
			);
			path = Views;
			sourceTree = "<group>";
		};
		72391E9B2906137E00C980E1 /* Models */ = {
			isa = PBXGroup;
			children = (
				72391EB029071F3600C980E1 /* User.swift */,
				72391EB22907213300C980E1 /* Review.swift */,
				72391EB42907220F00C980E1 /* DiningLocation.swift */,
				72391EB62907229F00C980E1 /* Listing.swift */,
				9FFC5CB82915964900BF992A /* ListingUser.swift */,
			);
			path = Models;
			sourceTree = "<group>";
		};
		72391E9C2906138300C980E1 /* ViewModels */ = {
			isa = PBXGroup;
			children = (
				72391ECD290765F300C980E1 /* UserViewModel.swift */,
				72391EFC2909B06700C980E1 /* AppViewModel.swift */,
				72391F06290C659300C980E1 /* PhotoPicker.swift */,
				7273FD9A291376B200B57B55 /* FormValidator.swift */,
				7273FD9C291457B000B57B55 /* StorageViewModel.swift */,
				CBCC7136291ADBE400C30C35 /* VenmoFormatter.swift */,
				721EF531291AE62D00950DE4 /* ListingViewModel.swift */,
			);
			path = ViewModels;
			sourceTree = "<group>";
		};
		72391EAF29071F0C00C980E1 /* DataRepositories */ = {
			isa = PBXGroup;
			children = (
				72391EB8290730F100C980E1 /* UserRepository.swift */,
				72391EC32907504F00C980E1 /* ListingRepository.swift */,
			);
			path = DataRepositories;
			sourceTree = "<group>";
		};
		72391EBE290743BF00C980E1 /* Frameworks */ = {
			isa = PBXGroup;
			children = (
			);
			name = Frameworks;
			sourceTree = "<group>";
		};
/* End PBXGroup section */

/* Begin PBXNativeTarget section */
		72391E882906136700C980E1 /* BlockMe */ = {
			isa = PBXNativeTarget;
			buildConfigurationList = 72391E972906136900C980E1 /* Build configuration list for PBXNativeTarget "BlockMe" */;
			buildPhases = (
				72391E852906136700C980E1 /* Sources */,
				72391E862906136700C980E1 /* Frameworks */,
				72391E872906136700C980E1 /* Resources */,
			);
			buildRules = (
			);
			dependencies = (
			);
			name = BlockMe;
			packageProductDependencies = (
				72391EA0290615F900C980E1 /* Alamofire */,
				72391EA32906168100C980E1 /* FirebaseAnalytics */,
				72391EA52906168100C980E1 /* FirebaseAuth */,
				72391EA72906168100C980E1 /* FirebaseDatabase */,
				72391EA92906168100C980E1 /* FirebaseDatabaseSwift */,
				72391EAB2906168100C980E1 /* FirebaseFirestore */,
				72391EAD2906168100C980E1 /* FirebaseFirestoreSwift */,
				72391EBF290743BF00C980E1 /* FirebaseAppCheck */,
				72391EC1290743BF00C980E1 /* FirebaseStorage */,
				CBCC7134291ADB5600C30C35 /* iPhoneNumberField */,
			);
			productName = BlockMe;
			productReference = 72391E892906136700C980E1 /* BlockMe.app */;
			productType = "com.apple.product-type.application";
		};
/* End PBXNativeTarget section */

/* Begin PBXProject section */
		72391E812906136700C980E1 /* Project object */ = {
			isa = PBXProject;
			attributes = {
				BuildIndependentTargetsInParallel = 1;
				LastSwiftUpdateCheck = 1400;
				LastUpgradeCheck = 1400;
				TargetAttributes = {
					72391E882906136700C980E1 = {
						CreatedOnToolsVersion = 14.0.1;
					};
				};
			};
			buildConfigurationList = 72391E842906136700C980E1 /* Build configuration list for PBXProject "BlockMe" */;
			compatibilityVersion = "Xcode 14.0";
			developmentRegion = en;
			hasScannedForEncodings = 0;
			knownRegions = (
				en,
				Base,
			);
			mainGroup = 72391E802906136700C980E1;
			packageReferences = (
				72391E9F290615F900C980E1 /* XCRemoteSwiftPackageReference "Alamofire" */,
				72391EA22906168100C980E1 /* XCRemoteSwiftPackageReference "firebase-ios-sdk" */,
				CBCC7133291ADB5600C30C35 /* XCRemoteSwiftPackageReference "iPhoneNumberField" */,
			);
			productRefGroup = 72391E8A2906136700C980E1 /* Products */;
			projectDirPath = "";
			projectRoot = "";
			targets = (
				72391E882906136700C980E1 /* BlockMe */,
			);
		};
/* End PBXProject section */

/* Begin PBXResourcesBuildPhase section */
		72391E872906136700C980E1 /* Resources */ = {
			isa = PBXResourcesBuildPhase;
			buildActionMask = 2147483647;
			files = (
				72391E942906136900C980E1 /* Preview Assets.xcassets in Resources */,
				72391E9E290615CC00C980E1 /* GoogleService-Info.plist in Resources */,
				72391E912906136900C980E1 /* Assets.xcassets in Resources */,
			);
			runOnlyForDeploymentPostprocessing = 0;
		};
/* End PBXResourcesBuildPhase section */

/* Begin PBXSourcesBuildPhase section */
		72391E852906136700C980E1 /* Sources */ = {
			isa = PBXSourcesBuildPhase;
			buildActionMask = 2147483647;
			files = (
				7273FD9B291376B200B57B55 /* FormValidator.swift in Sources */,
				72391E8F2906136700C980E1 /* AppView.swift in Sources */,
				72391EB32907213300C980E1 /* Review.swift in Sources */,
				72391E8D2906136700C980E1 /* BlockMeApp.swift in Sources */,
				72391EB9290730F100C980E1 /* UserRepository.swift in Sources */,
				9F3843A92918DA2800A5ACB5 /* TransactionView.swift in Sources */,
				72391EB129071F3600C980E1 /* User.swift in Sources */,
				724B0000291B28CA00448B0D /* TransactionWaitingView.swift in Sources */,
				72391EFD2909B06700C980E1 /* AppViewModel.swift in Sources */,
				721EF532291AE62D00950DE4 /* ListingViewModel.swift in Sources */,
				72391EC62907565200C980E1 /* UsersView.swift in Sources */,
				CB550947291609550073243D /* SplashView.swift in Sources */,
				72391EC42907504F00C980E1 /* ListingRepository.swift in Sources */,
				7273FD9D291457B000B57B55 /* StorageViewModel.swift in Sources */,
				721EF534291AF18900950DE4 /* TransactionPendingView.swift in Sources */,
				9F3843A329180FFF00A5ACB5 /* NewListingView.swift in Sources */,
				72391EFF2909C3C300C980E1 /* ProfileView.swift in Sources */,
				9F83D928290B225D004424A4 /* ChooseProfileImageView.swift in Sources */,
				72391EB72907229F00C980E1 /* Listing.swift in Sources */,
				7273FD972913411600B57B55 /* OrdersView.swift in Sources */,
				72391EFB2909A8CB00C980E1 /* LoginView.swift in Sources */,
				72391F05290C48CE00C980E1 /* UIComponents.swift in Sources */,
				CBCC7139291ADCAC00C30C35 /* WelcomeView.swift in Sources */,
				72391F07290C659300C980E1 /* PhotoPicker.swift in Sources */,
				72391ECA290760AF00C980E1 /* MarketPlaceView.swift in Sources */,
				9FFC5CB92915964900BF992A /* ListingUser.swift in Sources */,
				72391ECE290765F300C980E1 /* UserViewModel.swift in Sources */,
				CBCC7137291ADBE400C30C35 /* VenmoFormatter.swift in Sources */,
				CB5509452915EE510073243D /* Font.swift in Sources */,
				724B0002291B36FE00448B0D /* TransactionHasArrivedView.swift in Sources */,
				724BFFFE291B05C400448B0D /* TransactionMeetUpView.swift in Sources */,
				7273FD9929136BB400B57B55 /* EditProfileView.swift in Sources */,
				72391F012909C7CF00C980E1 /* CreateAccountView.swift in Sources */,
				72391EB52907220F00C980E1 /* DiningLocation.swift in Sources */,
				9F3843A52918AA6A00A5ACB5 /* PurchaseListingView.swift in Sources */,
				72391ECC2907614A00C980E1 /* ListingDetailsView.swift in Sources */,
				72391EBD290736E900C980E1 /* UserDetailView.swift in Sources */,
			);
			runOnlyForDeploymentPostprocessing = 0;
		};
/* End PBXSourcesBuildPhase section */

/* Begin XCBuildConfiguration section */
		72391E952906136900C980E1 /* Debug */ = {
			isa = XCBuildConfiguration;
			buildSettings = {
				ALWAYS_SEARCH_USER_PATHS = NO;
				CLANG_ANALYZER_NONNULL = YES;
				CLANG_ANALYZER_NUMBER_OBJECT_CONVERSION = YES_AGGRESSIVE;
				CLANG_CXX_LANGUAGE_STANDARD = "gnu++20";
				CLANG_ENABLE_MODULES = YES;
				CLANG_ENABLE_OBJC_ARC = YES;
				CLANG_ENABLE_OBJC_WEAK = YES;
				CLANG_WARN_BLOCK_CAPTURE_AUTORELEASING = YES;
				CLANG_WARN_BOOL_CONVERSION = YES;
				CLANG_WARN_COMMA = YES;
				CLANG_WARN_CONSTANT_CONVERSION = YES;
				CLANG_WARN_DEPRECATED_OBJC_IMPLEMENTATIONS = YES;
				CLANG_WARN_DIRECT_OBJC_ISA_USAGE = YES_ERROR;
				CLANG_WARN_DOCUMENTATION_COMMENTS = YES;
				CLANG_WARN_EMPTY_BODY = YES;
				CLANG_WARN_ENUM_CONVERSION = YES;
				CLANG_WARN_INFINITE_RECURSION = YES;
				CLANG_WARN_INT_CONVERSION = YES;
				CLANG_WARN_NON_LITERAL_NULL_CONVERSION = YES;
				CLANG_WARN_OBJC_IMPLICIT_RETAIN_SELF = YES;
				CLANG_WARN_OBJC_LITERAL_CONVERSION = YES;
				CLANG_WARN_OBJC_ROOT_CLASS = YES_ERROR;
				CLANG_WARN_QUOTED_INCLUDE_IN_FRAMEWORK_HEADER = YES;
				CLANG_WARN_RANGE_LOOP_ANALYSIS = YES;
				CLANG_WARN_STRICT_PROTOTYPES = YES;
				CLANG_WARN_SUSPICIOUS_MOVE = YES;
				CLANG_WARN_UNGUARDED_AVAILABILITY = YES_AGGRESSIVE;
				CLANG_WARN_UNREACHABLE_CODE = YES;
				CLANG_WARN__DUPLICATE_METHOD_MATCH = YES;
				COPY_PHASE_STRIP = NO;
				DEBUG_INFORMATION_FORMAT = dwarf;
				ENABLE_STRICT_OBJC_MSGSEND = YES;
				ENABLE_TESTABILITY = YES;
				GCC_C_LANGUAGE_STANDARD = gnu11;
				GCC_DYNAMIC_NO_PIC = NO;
				GCC_NO_COMMON_BLOCKS = YES;
				GCC_OPTIMIZATION_LEVEL = 0;
				GCC_PREPROCESSOR_DEFINITIONS = (
					"DEBUG=1",
					"$(inherited)",
				);
				GCC_WARN_64_TO_32_BIT_CONVERSION = YES;
				GCC_WARN_ABOUT_RETURN_TYPE = YES_ERROR;
				GCC_WARN_UNDECLARED_SELECTOR = YES;
				GCC_WARN_UNINITIALIZED_AUTOS = YES_AGGRESSIVE;
				GCC_WARN_UNUSED_FUNCTION = YES;
				GCC_WARN_UNUSED_VARIABLE = YES;
				IPHONEOS_DEPLOYMENT_TARGET = 16.0;
				MTL_ENABLE_DEBUG_INFO = INCLUDE_SOURCE;
				MTL_FAST_MATH = YES;
				ONLY_ACTIVE_ARCH = YES;
				SDKROOT = iphoneos;
				SWIFT_ACTIVE_COMPILATION_CONDITIONS = DEBUG;
				SWIFT_OPTIMIZATION_LEVEL = "-Onone";
			};
			name = Debug;
		};
		72391E962906136900C980E1 /* Release */ = {
			isa = XCBuildConfiguration;
			buildSettings = {
				ALWAYS_SEARCH_USER_PATHS = NO;
				CLANG_ANALYZER_NONNULL = YES;
				CLANG_ANALYZER_NUMBER_OBJECT_CONVERSION = YES_AGGRESSIVE;
				CLANG_CXX_LANGUAGE_STANDARD = "gnu++20";
				CLANG_ENABLE_MODULES = YES;
				CLANG_ENABLE_OBJC_ARC = YES;
				CLANG_ENABLE_OBJC_WEAK = YES;
				CLANG_WARN_BLOCK_CAPTURE_AUTORELEASING = YES;
				CLANG_WARN_BOOL_CONVERSION = YES;
				CLANG_WARN_COMMA = YES;
				CLANG_WARN_CONSTANT_CONVERSION = YES;
				CLANG_WARN_DEPRECATED_OBJC_IMPLEMENTATIONS = YES;
				CLANG_WARN_DIRECT_OBJC_ISA_USAGE = YES_ERROR;
				CLANG_WARN_DOCUMENTATION_COMMENTS = YES;
				CLANG_WARN_EMPTY_BODY = YES;
				CLANG_WARN_ENUM_CONVERSION = YES;
				CLANG_WARN_INFINITE_RECURSION = YES;
				CLANG_WARN_INT_CONVERSION = YES;
				CLANG_WARN_NON_LITERAL_NULL_CONVERSION = YES;
				CLANG_WARN_OBJC_IMPLICIT_RETAIN_SELF = YES;
				CLANG_WARN_OBJC_LITERAL_CONVERSION = YES;
				CLANG_WARN_OBJC_ROOT_CLASS = YES_ERROR;
				CLANG_WARN_QUOTED_INCLUDE_IN_FRAMEWORK_HEADER = YES;
				CLANG_WARN_RANGE_LOOP_ANALYSIS = YES;
				CLANG_WARN_STRICT_PROTOTYPES = YES;
				CLANG_WARN_SUSPICIOUS_MOVE = YES;
				CLANG_WARN_UNGUARDED_AVAILABILITY = YES_AGGRESSIVE;
				CLANG_WARN_UNREACHABLE_CODE = YES;
				CLANG_WARN__DUPLICATE_METHOD_MATCH = YES;
				COPY_PHASE_STRIP = NO;
				DEBUG_INFORMATION_FORMAT = "dwarf-with-dsym";
				ENABLE_NS_ASSERTIONS = NO;
				ENABLE_STRICT_OBJC_MSGSEND = YES;
				GCC_C_LANGUAGE_STANDARD = gnu11;
				GCC_NO_COMMON_BLOCKS = YES;
				GCC_WARN_64_TO_32_BIT_CONVERSION = YES;
				GCC_WARN_ABOUT_RETURN_TYPE = YES_ERROR;
				GCC_WARN_UNDECLARED_SELECTOR = YES;
				GCC_WARN_UNINITIALIZED_AUTOS = YES_AGGRESSIVE;
				GCC_WARN_UNUSED_FUNCTION = YES;
				GCC_WARN_UNUSED_VARIABLE = YES;
				IPHONEOS_DEPLOYMENT_TARGET = 16.0;
				MTL_ENABLE_DEBUG_INFO = NO;
				MTL_FAST_MATH = YES;
				SDKROOT = iphoneos;
				SWIFT_COMPILATION_MODE = wholemodule;
				SWIFT_OPTIMIZATION_LEVEL = "-O";
				VALIDATE_PRODUCT = YES;
			};
			name = Release;
		};
		72391E982906136900C980E1 /* Debug */ = {
			isa = XCBuildConfiguration;
			buildSettings = {
				ASSETCATALOG_COMPILER_APPICON_NAME = AppIcon;
				ASSETCATALOG_COMPILER_GLOBAL_ACCENT_COLOR_NAME = AccentColor;
				CODE_SIGN_STYLE = Automatic;
				CURRENT_PROJECT_VERSION = 1;
				DEVELOPMENT_ASSET_PATHS = "\"BlockMe/Preview Content\"";
				DEVELOPMENT_TEAM = AXGC7KB9JL;
				ENABLE_PREVIEWS = YES;
				GENERATE_INFOPLIST_FILE = YES;
				INFOPLIST_KEY_UIApplicationSceneManifest_Generation = YES;
				INFOPLIST_KEY_UIApplicationSupportsIndirectInputEvents = YES;
				INFOPLIST_KEY_UILaunchScreen_Generation = YES;
				INFOPLIST_KEY_UISupportedInterfaceOrientations_iPad = "UIInterfaceOrientationPortrait UIInterfaceOrientationPortraitUpsideDown UIInterfaceOrientationLandscapeLeft UIInterfaceOrientationLandscapeRight";
				INFOPLIST_KEY_UISupportedInterfaceOrientations_iPhone = "UIInterfaceOrientationPortrait UIInterfaceOrientationLandscapeLeft UIInterfaceOrientationLandscapeRight";
				LD_RUNPATH_SEARCH_PATHS = (
					"$(inherited)",
					"@executable_path/Frameworks",
				);
				MARKETING_VERSION = 1.0;
				PRODUCT_BUNDLE_IDENTIFIER = cmu.BlockMe;
				PRODUCT_NAME = "$(TARGET_NAME)";
				SWIFT_EMIT_LOC_STRINGS = YES;
				SWIFT_VERSION = 5.0;
				TARGETED_DEVICE_FAMILY = "1,2";
			};
			name = Debug;
		};
		72391E992906136900C980E1 /* Release */ = {
			isa = XCBuildConfiguration;
			buildSettings = {
				ASSETCATALOG_COMPILER_APPICON_NAME = AppIcon;
				ASSETCATALOG_COMPILER_GLOBAL_ACCENT_COLOR_NAME = AccentColor;
				CODE_SIGN_STYLE = Automatic;
				CURRENT_PROJECT_VERSION = 1;
				DEVELOPMENT_ASSET_PATHS = "\"BlockMe/Preview Content\"";
				DEVELOPMENT_TEAM = AXGC7KB9JL;
				ENABLE_PREVIEWS = YES;
				GENERATE_INFOPLIST_FILE = YES;
				INFOPLIST_KEY_UIApplicationSceneManifest_Generation = YES;
				INFOPLIST_KEY_UIApplicationSupportsIndirectInputEvents = YES;
				INFOPLIST_KEY_UILaunchScreen_Generation = YES;
				INFOPLIST_KEY_UISupportedInterfaceOrientations_iPad = "UIInterfaceOrientationPortrait UIInterfaceOrientationPortraitUpsideDown UIInterfaceOrientationLandscapeLeft UIInterfaceOrientationLandscapeRight";
				INFOPLIST_KEY_UISupportedInterfaceOrientations_iPhone = "UIInterfaceOrientationPortrait UIInterfaceOrientationLandscapeLeft UIInterfaceOrientationLandscapeRight";
				LD_RUNPATH_SEARCH_PATHS = (
					"$(inherited)",
					"@executable_path/Frameworks",
				);
				MARKETING_VERSION = 1.0;
				PRODUCT_BUNDLE_IDENTIFIER = cmu.BlockMe;
				PRODUCT_NAME = "$(TARGET_NAME)";
				SWIFT_EMIT_LOC_STRINGS = YES;
				SWIFT_VERSION = 5.0;
				TARGETED_DEVICE_FAMILY = "1,2";
			};
			name = Release;
		};
/* End XCBuildConfiguration section */

/* Begin XCConfigurationList section */
		72391E842906136700C980E1 /* Build configuration list for PBXProject "BlockMe" */ = {
			isa = XCConfigurationList;
			buildConfigurations = (
				72391E952906136900C980E1 /* Debug */,
				72391E962906136900C980E1 /* Release */,
			);
			defaultConfigurationIsVisible = 0;
			defaultConfigurationName = Release;
		};
		72391E972906136900C980E1 /* Build configuration list for PBXNativeTarget "BlockMe" */ = {
			isa = XCConfigurationList;
			buildConfigurations = (
				72391E982906136900C980E1 /* Debug */,
				72391E992906136900C980E1 /* Release */,
			);
			defaultConfigurationIsVisible = 0;
			defaultConfigurationName = Release;
		};
/* End XCConfigurationList section */

/* Begin XCRemoteSwiftPackageReference section */
		72391E9F290615F900C980E1 /* XCRemoteSwiftPackageReference "Alamofire" */ = {
			isa = XCRemoteSwiftPackageReference;
			repositoryURL = "https://github.com/Alamofire/Alamofire.git";
			requirement = {
				branch = master;
				kind = branch;
			};
		};
		72391EA22906168100C980E1 /* XCRemoteSwiftPackageReference "firebase-ios-sdk" */ = {
			isa = XCRemoteSwiftPackageReference;
			repositoryURL = "https://github.com/firebase/firebase-ios-sdk";
			requirement = {
				kind = upToNextMajorVersion;
				minimumVersion = 9.0.0;
			};
		};
		CBCC7133291ADB5600C30C35 /* XCRemoteSwiftPackageReference "iPhoneNumberField" */ = {
			isa = XCRemoteSwiftPackageReference;
			repositoryURL = "https://github.com/MojtabaHs/iPhoneNumberField";
			requirement = {
				branch = main;
				kind = branch;
			};
		};
/* End XCRemoteSwiftPackageReference section */

/* Begin XCSwiftPackageProductDependency section */
		72391EA0290615F900C980E1 /* Alamofire */ = {
			isa = XCSwiftPackageProductDependency;
			package = 72391E9F290615F900C980E1 /* XCRemoteSwiftPackageReference "Alamofire" */;
			productName = Alamofire;
		};
		72391EA32906168100C980E1 /* FirebaseAnalytics */ = {
			isa = XCSwiftPackageProductDependency;
			package = 72391EA22906168100C980E1 /* XCRemoteSwiftPackageReference "firebase-ios-sdk" */;
			productName = FirebaseAnalytics;
		};
		72391EA52906168100C980E1 /* FirebaseAuth */ = {
			isa = XCSwiftPackageProductDependency;
			package = 72391EA22906168100C980E1 /* XCRemoteSwiftPackageReference "firebase-ios-sdk" */;
			productName = FirebaseAuth;
		};
		72391EA72906168100C980E1 /* FirebaseDatabase */ = {
			isa = XCSwiftPackageProductDependency;
			package = 72391EA22906168100C980E1 /* XCRemoteSwiftPackageReference "firebase-ios-sdk" */;
			productName = FirebaseDatabase;
		};
		72391EA92906168100C980E1 /* FirebaseDatabaseSwift */ = {
			isa = XCSwiftPackageProductDependency;
			package = 72391EA22906168100C980E1 /* XCRemoteSwiftPackageReference "firebase-ios-sdk" */;
			productName = FirebaseDatabaseSwift;
		};
		72391EAB2906168100C980E1 /* FirebaseFirestore */ = {
			isa = XCSwiftPackageProductDependency;
			package = 72391EA22906168100C980E1 /* XCRemoteSwiftPackageReference "firebase-ios-sdk" */;
			productName = FirebaseFirestore;
		};
		72391EAD2906168100C980E1 /* FirebaseFirestoreSwift */ = {
			isa = XCSwiftPackageProductDependency;
			package = 72391EA22906168100C980E1 /* XCRemoteSwiftPackageReference "firebase-ios-sdk" */;
			productName = FirebaseFirestoreSwift;
		};
		72391EBF290743BF00C980E1 /* FirebaseAppCheck */ = {
			isa = XCSwiftPackageProductDependency;
			package = 72391EA22906168100C980E1 /* XCRemoteSwiftPackageReference "firebase-ios-sdk" */;
			productName = FirebaseAppCheck;
		};
		72391EC1290743BF00C980E1 /* FirebaseStorage */ = {
			isa = XCSwiftPackageProductDependency;
			package = 72391EA22906168100C980E1 /* XCRemoteSwiftPackageReference "firebase-ios-sdk" */;
			productName = FirebaseStorage;
		};
		CBCC7134291ADB5600C30C35 /* iPhoneNumberField */ = {
			isa = XCSwiftPackageProductDependency;
			package = CBCC7133291ADB5600C30C35 /* XCRemoteSwiftPackageReference "iPhoneNumberField" */;
			productName = iPhoneNumberField;
		};
/* End XCSwiftPackageProductDependency section */
	};
	rootObject = 72391E812906136700C980E1 /* Project object */;
}
